// !$*UTF8*$!
{
	archiveVersion = 1;
	classes = {
	};
	objectVersion = 70;
	objects = {

/* Begin PBXBuildFile section */
		1100000000000001 /* justzone2App.swift in Sources */ = {isa = PBXBuildFile; fileRef = 2200000000000001 /* justzone2App.swift */; };
		1100000000000002 /* Workout.swift in Sources */ = {isa = PBXBuildFile; fileRef = 2200000000000002 /* Workout.swift */; };
		1100000000000003 /* WorkoutSample.swift in Sources */ = {isa = PBXBuildFile; fileRef = 2200000000000003 /* WorkoutSample.swift */; };
		1100000000000004 /* DeviceInfo.swift in Sources */ = {isa = PBXBuildFile; fileRef = 2200000000000004 /* DeviceInfo.swift */; };
		1100000000000005 /* BluetoothManager.swift in Sources */ = {isa = PBXBuildFile; fileRef = 2200000000000005 /* BluetoothManager.swift */; };
		1100000000000006 /* KickrService.swift in Sources */ = {isa = PBXBuildFile; fileRef = 2200000000000006 /* KickrService.swift */; };
		1100000000000007 /* HeartRateService.swift in Sources */ = {isa = PBXBuildFile; fileRef = 2200000000000007 /* HeartRateService.swift */; };
		1100000000000008 /* StravaService.swift in Sources */ = {isa = PBXBuildFile; fileRef = 2200000000000008 /* StravaService.swift */; };
		1100000000000009 /* SetupViewModel.swift in Sources */ = {isa = PBXBuildFile; fileRef = 2200000000000009 /* SetupViewModel.swift */; };
		110000000000000A /* WorkoutViewModel.swift in Sources */ = {isa = PBXBuildFile; fileRef = 220000000000000A /* WorkoutViewModel.swift */; };
		110000000000000B /* SummaryViewModel.swift in Sources */ = {isa = PBXBuildFile; fileRef = 220000000000000B /* SummaryViewModel.swift */; };
		110000000000000C /* SetupView.swift in Sources */ = {isa = PBXBuildFile; fileRef = 220000000000000C /* SetupView.swift */; };
		110000000000000D /* WorkoutView.swift in Sources */ = {isa = PBXBuildFile; fileRef = 220000000000000D /* WorkoutView.swift */; };
		110000000000000E /* SummaryView.swift in Sources */ = {isa = PBXBuildFile; fileRef = 220000000000000E /* SummaryView.swift */; };
		110000000000000F /* DeviceRow.swift in Sources */ = {isa = PBXBuildFile; fileRef = 220000000000000F /* DeviceRow.swift */; };
		1100000000000010 /* PowerPicker.swift in Sources */ = {isa = PBXBuildFile; fileRef = 2200000000000010 /* PowerPicker.swift */; };
		1100000000000011 /* DurationPicker.swift in Sources */ = {isa = PBXBuildFile; fileRef = 2200000000000011 /* DurationPicker.swift */; };
		1100000000000012 /* FITEncoder.swift in Sources */ = {isa = PBXBuildFile; fileRef = 2200000000000012 /* FITEncoder.swift */; };
		1100000000000013 /* Constants.swift in Sources */ = {isa = PBXBuildFile; fileRef = 2200000000000013 /* Constants.swift */; };
		1100000000000014 /* Assets.xcassets in Resources */ = {isa = PBXBuildFile; fileRef = 2200000000000014 /* Assets.xcassets */; };
		1100000000000020 /* HealthKitManager.swift in Sources */ = {isa = PBXBuildFile; fileRef = 2200000000000020 /* HealthKitManager.swift */; };
		1100000000000021 /* LiveActivityManager.swift in Sources */ = {isa = PBXBuildFile; fileRef = 2200000000000021 /* LiveActivityManager.swift */; };
		1100000000000022 /* WorkoutActivityAttributes.swift in Sources */ = {isa = PBXBuildFile; fileRef = 2200000000000022 /* WorkoutActivityAttributes.swift */; };
		1100000000000023 /* Typography.swift in Sources */ = {isa = PBXBuildFile; fileRef = 2200000000000023 /* Typography.swift */; };
		1100000000000024 /* ActivityStreams.swift in Sources */ = {isa = PBXBuildFile; fileRef = 2200000000000024 /* ActivityStreams.swift */; };
		1100000000000025 /* StreamsCacheService.swift in Sources */ = {isa = PBXBuildFile; fileRef = 2200000000000025 /* StreamsCacheService.swift */; };
		1100000000000026 /* ActivityDetailView.swift in Sources */ = {isa = PBXBuildFile; fileRef = 2200000000000026 /* ActivityDetailView.swift */; };
		187B106A2F263AC800165DEA /* AppIconGenerator.swift in Sources */ = {isa = PBXBuildFile; fileRef = 187B10692F263AC700165DEA /* AppIconGenerator.swift */; };
		18C58F052F294A4600B04598 /* HistoryViewModel.swift in Sources */ = {isa = PBXBuildFile; fileRef = 18C58F042F294A4500B04598 /* HistoryViewModel.swift */; };
		18C58F072F294AA100B04598 /* HistoryView.swift in Sources */ = {isa = PBXBuildFile; fileRef = 18C58F062F294AA100B04598 /* HistoryView.swift */; };
		18C58F092F294EFC00B04598 /* SettingsViewModel.swift in Sources */ = {isa = PBXBuildFile; fileRef = 18C58F082F294EFC00B04598 /* SettingsViewModel.swift */; };
		18C58F0B2F294F0700B04598 /* SettingsView.swift in Sources */ = {isa = PBXBuildFile; fileRef = 18C58F0A2F294F0700B04598 /* SettingsView.swift */; };
		18C58F142F2A9F5A00B04598 /* WidgetKit.framework in Frameworks */ = {isa = PBXBuildFile; fileRef = 18C58F132F2A9F5A00B04598 /* WidgetKit.framework */; };
		18C58F162F2A9F5A00B04598 /* SwiftUI.framework in Frameworks */ = {isa = PBXBuildFile; fileRef = 18C58F152F2A9F5A00B04598 /* SwiftUI.framework */; };
		18C58F272F2A9F5C00B04598 /* JustZone2LiveActivityExtension.appex in Embed Foundation Extensions */ = {isa = PBXBuildFile; fileRef = 18C58F112F2A9F5A00B04598 /* JustZone2LiveActivityExtension.appex */; settings = {ATTRIBUTES = (RemoveHeadersOnCopy, ); }; };
		BB00000000000001 /* WatchConnectivityService.swift in Sources */ = {isa = PBXBuildFile; fileRef = BB00000000000030 /* WatchConnectivityService.swift */; };
		BB00000000000002 /* JustZone2Watch.app in Embed Watch Content */ = {isa = PBXBuildFile; fileRef = BB00000000000031 /* JustZone2Watch.app */; settings = {ATTRIBUTES = (RemoveHeadersOnCopy, ); }; };
/* End PBXBuildFile section */

/* Begin PBXContainerItemProxy section */
		18C58F252F2A9F5C00B04598 /* PBXContainerItemProxy */ = {
			isa = PBXContainerItemProxy;
			containerPortal = 8800000000000001 /* Project object */;
			proxyType = 1;
			remoteGlobalIDString = 18C58F102F2A9F5A00B04598;
			remoteInfo = JustZone2LiveActivityExtension;
		};
		BB00000000000010 /* PBXContainerItemProxy */ = {
			isa = PBXContainerItemProxy;
			containerPortal = 8800000000000001 /* Project object */;
			proxyType = 1;
			remoteGlobalIDString = BB00000000000070;
			remoteInfo = JustZone2Watch;
		};
/* End PBXContainerItemProxy section */

/* Begin PBXCopyFilesBuildPhase section */
		18C58F2C2F2A9F5C00B04598 /* Embed Foundation Extensions */ = {
			isa = PBXCopyFilesBuildPhase;
			buildActionMask = 2147483647;
			dstPath = "";
			dstSubfolderSpec = 13;
			files = (
				18C58F272F2A9F5C00B04598 /* JustZone2LiveActivityExtension.appex in Embed Foundation Extensions */,
			);
			name = "Embed Foundation Extensions";
			runOnlyForDeploymentPostprocessing = 0;
		};
		BB00000000000020 /* Embed Watch Content */ = {
			isa = PBXCopyFilesBuildPhase;
			buildActionMask = 2147483647;
			dstPath = "$(CONTENTS_FOLDER_PATH)/Watch";
			dstSubfolderSpec = 16;
			files = (
				BB00000000000002 /* JustZone2Watch.app in Embed Watch Content */,
			);
			name = "Embed Watch Content";
			runOnlyForDeploymentPostprocessing = 0;
		};
/* End PBXCopyFilesBuildPhase section */

/* Begin PBXFileReference section */
		187B10692F263AC700165DEA /* AppIconGenerator.swift */ = {isa = PBXFileReference; lastKnownFileType = sourcecode.swift; path = AppIconGenerator.swift; sourceTree = "<group>"; };
		18C58F042F294A4500B04598 /* HistoryViewModel.swift */ = {isa = PBXFileReference; lastKnownFileType = sourcecode.swift; path = HistoryViewModel.swift; sourceTree = "<group>"; };
		18C58F062F294AA100B04598 /* HistoryView.swift */ = {isa = PBXFileReference; lastKnownFileType = sourcecode.swift; path = HistoryView.swift; sourceTree = "<group>"; };
		18C58F082F294EFC00B04598 /* SettingsViewModel.swift */ = {isa = PBXFileReference; lastKnownFileType = sourcecode.swift; path = SettingsViewModel.swift; sourceTree = "<group>"; };
		18C58F0A2F294F0700B04598 /* SettingsView.swift */ = {isa = PBXFileReference; lastKnownFileType = sourcecode.swift; path = SettingsView.swift; sourceTree = "<group>"; };
		18C58F0C2F2A9DEF00B04598 /* justzone2.entitlements */ = {isa = PBXFileReference; lastKnownFileType = text.plist.entitlements; path = justzone2.entitlements; sourceTree = "<group>"; };
		18C58F112F2A9F5A00B04598 /* JustZone2LiveActivityExtension.appex */ = {isa = PBXFileReference; explicitFileType = "wrapper.app-extension"; includeInIndex = 0; path = JustZone2LiveActivityExtension.appex; sourceTree = BUILT_PRODUCTS_DIR; };
		18C58F132F2A9F5A00B04598 /* WidgetKit.framework */ = {isa = PBXFileReference; lastKnownFileType = wrapper.framework; name = WidgetKit.framework; path = System/Library/Frameworks/WidgetKit.framework; sourceTree = SDKROOT; };
		18C58F152F2A9F5A00B04598 /* SwiftUI.framework */ = {isa = PBXFileReference; lastKnownFileType = wrapper.framework; name = SwiftUI.framework; path = System/Library/Frameworks/SwiftUI.framework; sourceTree = SDKROOT; };
		2200000000000001 /* justzone2App.swift */ = {isa = PBXFileReference; lastKnownFileType = sourcecode.swift; path = justzone2App.swift; sourceTree = "<group>"; };
		2200000000000002 /* Workout.swift */ = {isa = PBXFileReference; lastKnownFileType = sourcecode.swift; path = Workout.swift; sourceTree = "<group>"; };
		2200000000000003 /* WorkoutSample.swift */ = {isa = PBXFileReference; lastKnownFileType = sourcecode.swift; path = WorkoutSample.swift; sourceTree = "<group>"; };
		2200000000000004 /* DeviceInfo.swift */ = {isa = PBXFileReference; lastKnownFileType = sourcecode.swift; path = DeviceInfo.swift; sourceTree = "<group>"; };
		2200000000000005 /* BluetoothManager.swift */ = {isa = PBXFileReference; lastKnownFileType = sourcecode.swift; path = BluetoothManager.swift; sourceTree = "<group>"; };
		2200000000000006 /* KickrService.swift */ = {isa = PBXFileReference; lastKnownFileType = sourcecode.swift; path = KickrService.swift; sourceTree = "<group>"; };
		2200000000000007 /* HeartRateService.swift */ = {isa = PBXFileReference; lastKnownFileType = sourcecode.swift; path = HeartRateService.swift; sourceTree = "<group>"; };
		2200000000000008 /* StravaService.swift */ = {isa = PBXFileReference; lastKnownFileType = sourcecode.swift; path = StravaService.swift; sourceTree = "<group>"; };
		2200000000000009 /* SetupViewModel.swift */ = {isa = PBXFileReference; lastKnownFileType = sourcecode.swift; path = SetupViewModel.swift; sourceTree = "<group>"; };
		220000000000000A /* WorkoutViewModel.swift */ = {isa = PBXFileReference; lastKnownFileType = sourcecode.swift; path = WorkoutViewModel.swift; sourceTree = "<group>"; };
		220000000000000B /* SummaryViewModel.swift */ = {isa = PBXFileReference; lastKnownFileType = sourcecode.swift; path = SummaryViewModel.swift; sourceTree = "<group>"; };
		220000000000000C /* SetupView.swift */ = {isa = PBXFileReference; lastKnownFileType = sourcecode.swift; path = SetupView.swift; sourceTree = "<group>"; };
		220000000000000D /* WorkoutView.swift */ = {isa = PBXFileReference; lastKnownFileType = sourcecode.swift; path = WorkoutView.swift; sourceTree = "<group>"; };
		220000000000000E /* SummaryView.swift */ = {isa = PBXFileReference; lastKnownFileType = sourcecode.swift; path = SummaryView.swift; sourceTree = "<group>"; };
		220000000000000F /* DeviceRow.swift */ = {isa = PBXFileReference; lastKnownFileType = sourcecode.swift; path = DeviceRow.swift; sourceTree = "<group>"; };
		2200000000000010 /* PowerPicker.swift */ = {isa = PBXFileReference; lastKnownFileType = sourcecode.swift; path = PowerPicker.swift; sourceTree = "<group>"; };
		2200000000000011 /* DurationPicker.swift */ = {isa = PBXFileReference; lastKnownFileType = sourcecode.swift; path = DurationPicker.swift; sourceTree = "<group>"; };
		2200000000000012 /* FITEncoder.swift */ = {isa = PBXFileReference; lastKnownFileType = sourcecode.swift; path = FITEncoder.swift; sourceTree = "<group>"; };
		2200000000000013 /* Constants.swift */ = {isa = PBXFileReference; lastKnownFileType = sourcecode.swift; path = Constants.swift; sourceTree = "<group>"; };
		2200000000000014 /* Assets.xcassets */ = {isa = PBXFileReference; lastKnownFileType = folder.assetcatalog; path = Assets.xcassets; sourceTree = "<group>"; };
		2200000000000015 /* Info.plist */ = {isa = PBXFileReference; lastKnownFileType = text.plist.xml; path = Info.plist; sourceTree = "<group>"; };
		2200000000000020 /* HealthKitManager.swift */ = {isa = PBXFileReference; lastKnownFileType = sourcecode.swift; path = HealthKitManager.swift; sourceTree = "<group>"; };
		2200000000000021 /* LiveActivityManager.swift */ = {isa = PBXFileReference; lastKnownFileType = sourcecode.swift; path = LiveActivityManager.swift; sourceTree = "<group>"; };
		2200000000000022 /* WorkoutActivityAttributes.swift */ = {isa = PBXFileReference; lastKnownFileType = sourcecode.swift; path = WorkoutActivityAttributes.swift; sourceTree = "<group>"; };
		2200000000000023 /* Typography.swift */ = {isa = PBXFileReference; lastKnownFileType = sourcecode.swift; path = Typography.swift; sourceTree = "<group>"; };
		2200000000000024 /* ActivityStreams.swift */ = {isa = PBXFileReference; lastKnownFileType = sourcecode.swift; path = ActivityStreams.swift; sourceTree = "<group>"; };
		2200000000000025 /* StreamsCacheService.swift */ = {isa = PBXFileReference; lastKnownFileType = sourcecode.swift; path = StreamsCacheService.swift; sourceTree = "<group>"; };
		2200000000000026 /* ActivityDetailView.swift */ = {isa = PBXFileReference; lastKnownFileType = sourcecode.swift; path = ActivityDetailView.swift; sourceTree = "<group>"; };
		3300000000000001 /* justzone2.app */ = {isa = PBXFileReference; explicitFileType = wrapper.application; includeInIndex = 0; path = justzone2.app; sourceTree = BUILT_PRODUCTS_DIR; };
		BB00000000000030 /* WatchConnectivityService.swift */ = {isa = PBXFileReference; lastKnownFileType = sourcecode.swift; path = WatchConnectivityService.swift; sourceTree = "<group>"; };
		BB00000000000031 /* JustZone2Watch.app */ = {isa = PBXFileReference; explicitFileType = wrapper.application; includeInIndex = 0; path = JustZone2Watch.app; sourceTree = BUILT_PRODUCTS_DIR; };
/* End PBXFileReference section */

/* Begin PBXFileSystemSynchronizedBuildFileExceptionSet section */
		18C58F282F2A9F5C00B04598 /* PBXFileSystemSynchronizedBuildFileExceptionSet */ = {
			isa = PBXFileSystemSynchronizedBuildFileExceptionSet;
			membershipExceptions = (
				Info.plist,
			);
			target = 18C58F102F2A9F5A00B04598 /* JustZone2LiveActivityExtension */;
		};
		BB00000000000040 /* PBXFileSystemSynchronizedBuildFileExceptionSet */ = {
			isa = PBXFileSystemSynchronizedBuildFileExceptionSet;
			membershipExceptions = (
				Info.plist,
			);
			target = BB00000000000070 /* JustZone2Watch */;
		};
/* End PBXFileSystemSynchronizedBuildFileExceptionSet section */

/* Begin PBXFileSystemSynchronizedRootGroup section */
		18C58F172F2A9F5A00B04598 /* JustZone2LiveActivity */ = {isa = PBXFileSystemSynchronizedRootGroup; exceptions = (18C58F282F2A9F5C00B04598 /* PBXFileSystemSynchronizedBuildFileExceptionSet */, ); explicitFileTypes = {}; explicitFolders = (); path = JustZone2LiveActivity; sourceTree = "<group>"; };
		BB00000000000050 /* JustZone2Watch */ = {isa = PBXFileSystemSynchronizedRootGroup; exceptions = (BB00000000000040 /* PBXFileSystemSynchronizedBuildFileExceptionSet */, ); explicitFileTypes = {}; explicitFolders = (); path = JustZone2Watch; sourceTree = "<group>"; };
/* End PBXFileSystemSynchronizedRootGroup section */

/* Begin PBXFrameworksBuildPhase section */
		18C58F0E2F2A9F5A00B04598 /* Frameworks */ = {
			isa = PBXFrameworksBuildPhase;
			buildActionMask = 2147483647;
			files = (
				18C58F162F2A9F5A00B04598 /* SwiftUI.framework in Frameworks */,
				18C58F142F2A9F5A00B04598 /* WidgetKit.framework in Frameworks */,
			);
			runOnlyForDeploymentPostprocessing = 0;
		};
		4400000000000001 /* Frameworks */ = {
			isa = PBXFrameworksBuildPhase;
			buildActionMask = 2147483647;
			files = (
			);
			runOnlyForDeploymentPostprocessing = 0;
		};
		BB00000000000060 /* Frameworks */ = {
			isa = PBXFrameworksBuildPhase;
			buildActionMask = 2147483647;
			files = (
			);
			runOnlyForDeploymentPostprocessing = 0;
		};
/* End PBXFrameworksBuildPhase section */

/* Begin PBXGroup section */
		18C58F122F2A9F5A00B04598 /* Frameworks */ = {
			isa = PBXGroup;
			children = (
				18C58F132F2A9F5A00B04598 /* WidgetKit.framework */,
				18C58F152F2A9F5A00B04598 /* SwiftUI.framework */,
			);
			name = Frameworks;
			sourceTree = "<group>";
		};
		5500000000000001 = {
			isa = PBXGroup;
			children = (
				5500000000000002 /* justzone2 */,
				18C58F172F2A9F5A00B04598 /* JustZone2LiveActivity */,
				BB00000000000050 /* JustZone2Watch */,
				18C58F122F2A9F5A00B04598 /* Frameworks */,
				5500000000000003 /* Products */,
			);
			sourceTree = "<group>";
		};
		5500000000000002 /* justzone2 */ = {
			isa = PBXGroup;
			children = (
				18C58F0C2F2A9DEF00B04598 /* justzone2.entitlements */,
				2200000000000001 /* justzone2App.swift */,
				5500000000000004 /* Models */,
				5500000000000005 /* Services */,
				5500000000000006 /* ViewModels */,
				5500000000000007 /* Views */,
				5500000000000009 /* Utilities */,
				550000000000000A /* Resources */,
			);
			path = justzone2;
			sourceTree = "<group>";
		};
		5500000000000003 /* Products */ = {
			isa = PBXGroup;
			children = (
				3300000000000001 /* justzone2.app */,
				18C58F112F2A9F5A00B04598 /* JustZone2LiveActivityExtension.appex */,
				BB00000000000031 /* JustZone2Watch.app */,
			);
			name = Products;
			sourceTree = "<group>";
		};
		5500000000000004 /* Models */ = {
			isa = PBXGroup;
			children = (
				2200000000000002 /* Workout.swift */,
				2200000000000003 /* WorkoutSample.swift */,
				2200000000000004 /* DeviceInfo.swift */,
				2200000000000022 /* WorkoutActivityAttributes.swift */,
				2200000000000024 /* ActivityStreams.swift */,
			);
			path = Models;
			sourceTree = "<group>";
		};
		5500000000000005 /* Services */ = {
			isa = PBXGroup;
			children = (
				2200000000000005 /* BluetoothManager.swift */,
				2200000000000006 /* KickrService.swift */,
				2200000000000007 /* HeartRateService.swift */,
				2200000000000008 /* StravaService.swift */,
				2200000000000020 /* HealthKitManager.swift */,
				2200000000000021 /* LiveActivityManager.swift */,
				2200000000000025 /* StreamsCacheService.swift */,
				BB00000000000030 /* WatchConnectivityService.swift */,
			);
			path = Services;
			sourceTree = "<group>";
		};
		5500000000000006 /* ViewModels */ = {
			isa = PBXGroup;
			children = (
				18C58F082F294EFC00B04598 /* SettingsViewModel.swift */,
				18C58F042F294A4500B04598 /* HistoryViewModel.swift */,
				2200000000000009 /* SetupViewModel.swift */,
				220000000000000A /* WorkoutViewModel.swift */,
				220000000000000B /* SummaryViewModel.swift */,
			);
			path = ViewModels;
			sourceTree = "<group>";
		};
		5500000000000007 /* Views */ = {
			isa = PBXGroup;
			children = (
				18C58F0A2F294F0700B04598 /* SettingsView.swift */,
				18C58F062F294AA100B04598 /* HistoryView.swift */,
				220000000000000C /* SetupView.swift */,
				220000000000000D /* WorkoutView.swift */,
				220000000000000E /* SummaryView.swift */,
				2200000000000026 /* ActivityDetailView.swift */,
				5500000000000008 /* Components */,
				187B10692F263AC700165DEA /* AppIconGenerator.swift */,
			);
			path = Views;
			sourceTree = "<group>";
		};
		5500000000000008 /* Components */ = {
			isa = PBXGroup;
			children = (
				220000000000000F /* DeviceRow.swift */,
				2200000000000010 /* PowerPicker.swift */,
				2200000000000011 /* DurationPicker.swift */,
			);
			path = Components;
			sourceTree = "<group>";
		};
		5500000000000009 /* Utilities */ = {
			isa = PBXGroup;
			children = (
				2200000000000012 /* FITEncoder.swift */,
				2200000000000013 /* Constants.swift */,
				2200000000000023 /* Typography.swift */,
			);
			path = Utilities;
			sourceTree = "<group>";
		};
		550000000000000A /* Resources */ = {
			isa = PBXGroup;
			children = (
				2200000000000014 /* Assets.xcassets */,
				2200000000000015 /* Info.plist */,
			);
			path = Resources;
			sourceTree = "<group>";
		};
/* End PBXGroup section */

/* Begin PBXNativeTarget section */
		18C58F102F2A9F5A00B04598 /* JustZone2LiveActivityExtension */ = {
			isa = PBXNativeTarget;
			buildConfigurationList = 18C58F292F2A9F5C00B04598 /* Build configuration list for PBXNativeTarget "JustZone2LiveActivityExtension" */;
			buildPhases = (
				18C58F0D2F2A9F5A00B04598 /* Sources */,
				18C58F0E2F2A9F5A00B04598 /* Frameworks */,
				18C58F0F2F2A9F5A00B04598 /* Resources */,
			);
			buildRules = (
			);
			dependencies = (
			);
			fileSystemSynchronizedGroups = (
				18C58F172F2A9F5A00B04598 /* JustZone2LiveActivity */,
			);
			name = JustZone2LiveActivityExtension;
			packageProductDependencies = (
			);
			productName = JustZone2LiveActivityExtension;
			productReference = 18C58F112F2A9F5A00B04598 /* JustZone2LiveActivityExtension.appex */;
			productType = "com.apple.product-type.app-extension";
		};
		6600000000000001 /* justzone2 */ = {
			isa = PBXNativeTarget;
			buildConfigurationList = 7700000000000003 /* Build configuration list for PBXNativeTarget "justzone2" */;
			buildPhases = (
				6600000000000002 /* Sources */,
				4400000000000001 /* Frameworks */,
				6600000000000003 /* Resources */,
				18C58F2C2F2A9F5C00B04598 /* Embed Foundation Extensions */,
				BB00000000000020 /* Embed Watch Content */,
			);
			buildRules = (
			);
			dependencies = (
				18C58F262F2A9F5C00B04598 /* PBXTargetDependency */,
				BB000000000000A0 /* PBXTargetDependency */,
			);
			name = justzone2;
			productName = justzone2;
			productReference = 3300000000000001 /* justzone2.app */;
			productType = "com.apple.product-type.application";
		};
		BB00000000000070 /* JustZone2Watch */ = {
			isa = PBXNativeTarget;
			buildConfigurationList = BB000000000000C0 /* Build configuration list for PBXNativeTarget "JustZone2Watch" */;
			buildPhases = (
				BB00000000000090 /* Sources */,
				BB00000000000060 /* Frameworks */,
				BB00000000000080 /* Resources */,
			);
			buildRules = (
			);
			dependencies = (
			);
			fileSystemSynchronizedGroups = (
				BB00000000000050 /* JustZone2Watch */,
			);
			name = JustZone2Watch;
			packageProductDependencies = (
			);
			productName = JustZone2Watch;
			productReference = BB00000000000031 /* JustZone2Watch.app */;
			productType = "com.apple.product-type.application";
		};
/* End PBXNativeTarget section */

/* Begin PBXProject section */
		8800000000000001 /* Project object */ = {
			isa = PBXProject;
			attributes = {
				BuildIndependentTargetsInParallel = 1;
				LastSwiftUpdateCheck = 2620;
				LastUpgradeCheck = 2620;
				TargetAttributes = {
					18C58F102F2A9F5A00B04598 = {
						CreatedOnToolsVersion = 26.2;
					};
					6600000000000001 = {
						CreatedOnToolsVersion = 15.0;
					};
					BB00000000000070 = {
						CreatedOnToolsVersion = 26.2;
					};
				};
			};
			buildConfigurationList = 7700000000000001 /* Build configuration list for PBXProject "justzone2" */;
			compatibilityVersion = "Xcode 14.0";
			developmentRegion = en;
			hasScannedForEncodings = 0;
			knownRegions = (
				en,
				Base,
			);
			mainGroup = 5500000000000001;
			productRefGroup = 5500000000000003 /* Products */;
			projectDirPath = "";
			projectRoot = "";
			targets = (
				6600000000000001 /* justzone2 */,
				18C58F102F2A9F5A00B04598 /* JustZone2LiveActivityExtension */,
				BB00000000000070 /* JustZone2Watch */,
			);
		};
/* End PBXProject section */

/* Begin PBXResourcesBuildPhase section */
		18C58F0F2F2A9F5A00B04598 /* Resources */ = {
			isa = PBXResourcesBuildPhase;
			buildActionMask = 2147483647;
			files = (
			);
			runOnlyForDeploymentPostprocessing = 0;
		};
		6600000000000003 /* Resources */ = {
			isa = PBXResourcesBuildPhase;
			buildActionMask = 2147483647;
			files = (
				1100000000000014 /* Assets.xcassets in Resources */,
			);
			runOnlyForDeploymentPostprocessing = 0;
		};
		BB00000000000080 /* Resources */ = {
			isa = PBXResourcesBuildPhase;
			buildActionMask = 2147483647;
			files = (
			);
			runOnlyForDeploymentPostprocessing = 0;
		};
/* End PBXResourcesBuildPhase section */

/* Begin PBXSourcesBuildPhase section */
		18C58F0D2F2A9F5A00B04598 /* Sources */ = {
			isa = PBXSourcesBuildPhase;
			buildActionMask = 2147483647;
			files = (
			);
			runOnlyForDeploymentPostprocessing = 0;
		};
		6600000000000002 /* Sources */ = {
			isa = PBXSourcesBuildPhase;
			buildActionMask = 2147483647;
			files = (
				1100000000000001 /* justzone2App.swift in Sources */,
				18C58F092F294EFC00B04598 /* SettingsViewModel.swift in Sources */,
				1100000000000002 /* Workout.swift in Sources */,
				1100000000000003 /* WorkoutSample.swift in Sources */,
				1100000000000004 /* DeviceInfo.swift in Sources */,
				1100000000000005 /* BluetoothManager.swift in Sources */,
				18C58F072F294AA100B04598 /* HistoryView.swift in Sources */,
				1100000000000006 /* KickrService.swift in Sources */,
				1100000000000007 /* HeartRateService.swift in Sources */,
				18C58F0B2F294F0700B04598 /* SettingsView.swift in Sources */,
				1100000000000008 /* StravaService.swift in Sources */,
				1100000000000009 /* SetupViewModel.swift in Sources */,
				110000000000000A /* WorkoutViewModel.swift in Sources */,
				187B106A2F263AC800165DEA /* AppIconGenerator.swift in Sources */,
				110000000000000B /* SummaryViewModel.swift in Sources */,
				110000000000000C /* SetupView.swift in Sources */,
				18C58F052F294A4600B04598 /* HistoryViewModel.swift in Sources */,
				110000000000000D /* WorkoutView.swift in Sources */,
				110000000000000E /* SummaryView.swift in Sources */,
				110000000000000F /* DeviceRow.swift in Sources */,
				1100000000000010 /* PowerPicker.swift in Sources */,
				1100000000000011 /* DurationPicker.swift in Sources */,
				1100000000000012 /* FITEncoder.swift in Sources */,
				1100000000000013 /* Constants.swift in Sources */,
				1100000000000020 /* HealthKitManager.swift in Sources */,
				1100000000000021 /* LiveActivityManager.swift in Sources */,
				1100000000000022 /* WorkoutActivityAttributes.swift in Sources */,
				1100000000000023 /* Typography.swift in Sources */,
				1100000000000024 /* ActivityStreams.swift in Sources */,
				1100000000000025 /* StreamsCacheService.swift in Sources */,
				1100000000000026 /* ActivityDetailView.swift in Sources */,
				BB00000000000001 /* WatchConnectivityService.swift in Sources */,
			);
			runOnlyForDeploymentPostprocessing = 0;
		};
		BB00000000000090 /* Sources */ = {
			isa = PBXSourcesBuildPhase;
			buildActionMask = 2147483647;
			files = (
			);
			runOnlyForDeploymentPostprocessing = 0;
		};
/* End PBXSourcesBuildPhase section */

/* Begin PBXTargetDependency section */
		18C58F262F2A9F5C00B04598 /* PBXTargetDependency */ = {
			isa = PBXTargetDependency;
			target = 18C58F102F2A9F5A00B04598 /* JustZone2LiveActivityExtension */;
			targetProxy = 18C58F252F2A9F5C00B04598 /* PBXContainerItemProxy */;
		};
		BB000000000000A0 /* PBXTargetDependency */ = {
			isa = PBXTargetDependency;
			target = BB00000000000070 /* JustZone2Watch */;
			targetProxy = BB00000000000010 /* PBXContainerItemProxy */;
		};
/* End PBXTargetDependency section */

/* Begin XCBuildConfiguration section */
		18C58F2A2F2A9F5C00B04598 /* Debug */ = {
			isa = XCBuildConfiguration;
			buildSettings = {
				ASSETCATALOG_COMPILER_GLOBAL_ACCENT_COLOR_NAME = AccentColor;
				ASSETCATALOG_COMPILER_WIDGET_BACKGROUND_COLOR_NAME = WidgetBackground;
				CODE_SIGN_STYLE = Automatic;
				CURRENT_PROJECT_VERSION = 1;
				GENERATE_INFOPLIST_FILE = YES;
				INFOPLIST_FILE = JustZone2LiveActivity/Info.plist;
				INFOPLIST_KEY_CFBundleDisplayName = JustZone2LiveActivity;
				INFOPLIST_KEY_NSHumanReadableCopyright = "";
				IPHONEOS_DEPLOYMENT_TARGET = 26.0;
				LD_RUNPATH_SEARCH_PATHS = (
					"$(inherited)",
					"@executable_path/Frameworks",
					"@executable_path/../../Frameworks",
				);
				MARKETING_VERSION = 1.0;
				PRODUCT_BUNDLE_IDENTIFIER = com.justzone2.app.JustZone2LiveActivity;
				PRODUCT_NAME = "$(TARGET_NAME)";
				SKIP_INSTALL = YES;
				STRING_CATALOG_GENERATE_SYMBOLS = YES;
				SWIFT_APPROACHABLE_CONCURRENCY = YES;
				SWIFT_EMIT_LOC_STRINGS = YES;
				SWIFT_UPCOMING_FEATURE_MEMBER_IMPORT_VISIBILITY = YES;
				SWIFT_VERSION = 5.0;
				TARGETED_DEVICE_FAMILY = "1,2";
			};
			name = Debug;
		};
		18C58F2B2F2A9F5C00B04598 /* Release */ = {
			isa = XCBuildConfiguration;
			buildSettings = {
				ASSETCATALOG_COMPILER_GLOBAL_ACCENT_COLOR_NAME = AccentColor;
				ASSETCATALOG_COMPILER_WIDGET_BACKGROUND_COLOR_NAME = WidgetBackground;
				CODE_SIGN_STYLE = Automatic;
				CURRENT_PROJECT_VERSION = 1;
				GENERATE_INFOPLIST_FILE = YES;
				INFOPLIST_FILE = JustZone2LiveActivity/Info.plist;
				INFOPLIST_KEY_CFBundleDisplayName = JustZone2LiveActivity;
				INFOPLIST_KEY_NSHumanReadableCopyright = "";
				IPHONEOS_DEPLOYMENT_TARGET = 26.0;
				LD_RUNPATH_SEARCH_PATHS = (
					"$(inherited)",
					"@executable_path/Frameworks",
					"@executable_path/../../Frameworks",
				);
				MARKETING_VERSION = 1.0;
				PRODUCT_BUNDLE_IDENTIFIER = com.justzone2.app.JustZone2LiveActivity;
				PRODUCT_NAME = "$(TARGET_NAME)";
				SKIP_INSTALL = YES;
				STRING_CATALOG_GENERATE_SYMBOLS = YES;
				SWIFT_APPROACHABLE_CONCURRENCY = YES;
				SWIFT_EMIT_LOC_STRINGS = YES;
				SWIFT_UPCOMING_FEATURE_MEMBER_IMPORT_VISIBILITY = YES;
				SWIFT_VERSION = 5.0;
				TARGETED_DEVICE_FAMILY = "1,2";
			};
			name = Release;
		};
		9900000000000001 /* Debug */ = {
			isa = XCBuildConfiguration;
			buildSettings = {
				ALWAYS_SEARCH_USER_PATHS = NO;
				ASSETCATALOG_COMPILER_GENERATE_SWIFT_ASSET_SYMBOL_EXTENSIONS = YES;
				CLANG_ANALYZER_NONNULL = YES;
				CLANG_ANALYZER_NUMBER_OBJECT_CONVERSION = YES_AGGRESSIVE;
				CLANG_CXX_LANGUAGE_STANDARD = "gnu++20";
				CLANG_ENABLE_MODULES = YES;
				CLANG_ENABLE_OBJC_ARC = YES;
				CLANG_ENABLE_OBJC_WEAK = YES;
				CLANG_WARN_BLOCK_CAPTURE_AUTORELEASING = YES;
				CLANG_WARN_BOOL_CONVERSION = YES;
				CLANG_WARN_COMMA = YES;
				CLANG_WARN_CONSTANT_CONVERSION = YES;
				CLANG_WARN_DEPRECATED_OBJC_IMPLEMENTATIONS = YES;
				CLANG_WARN_DIRECT_OBJC_ISA_USAGE = YES_ERROR;
				CLANG_WARN_DOCUMENTATION_COMMENTS = YES;
				CLANG_WARN_EMPTY_BODY = YES;
				CLANG_WARN_ENUM_CONVERSION = YES;
				CLANG_WARN_INFINITE_RECURSION = YES;
				CLANG_WARN_INT_CONVERSION = YES;
				CLANG_WARN_NON_LITERAL_NULL_CONVERSION = YES;
				CLANG_WARN_OBJC_IMPLICIT_RETAIN_SELF = YES;
				CLANG_WARN_OBJC_LITERAL_CONVERSION = YES;
				CLANG_WARN_OBJC_ROOT_CLASS = YES_ERROR;
				CLANG_WARN_QUOTED_INCLUDE_IN_FRAMEWORK_HEADER = YES;
				CLANG_WARN_RANGE_LOOP_ANALYSIS = YES;
				CLANG_WARN_STRICT_PROTOTYPES = YES;
				CLANG_WARN_SUSPICIOUS_MOVE = YES;
				CLANG_WARN_UNGUARDED_AVAILABILITY = YES_AGGRESSIVE;
				CLANG_WARN_UNREACHABLE_CODE = YES;
				CLANG_WARN__DUPLICATE_METHOD_MATCH = YES;
				COPY_PHASE_STRIP = NO;
				DEBUG_INFORMATION_FORMAT = dwarf;
				DEVELOPMENT_TEAM = N66DNSAQQ9;
				ENABLE_STRICT_OBJC_MSGSEND = YES;
				ENABLE_TESTABILITY = YES;
				ENABLE_USER_SCRIPT_SANDBOXING = YES;
				GCC_C_LANGUAGE_STANDARD = gnu17;
				GCC_DYNAMIC_NO_PIC = NO;
				GCC_NO_COMMON_BLOCKS = YES;
				GCC_OPTIMIZATION_LEVEL = 0;
				GCC_PREPROCESSOR_DEFINITIONS = (
					"DEBUG=1",
					"$(inherited)",
				);
				GCC_WARN_64_TO_32_BIT_CONVERSION = YES;
				GCC_WARN_ABOUT_RETURN_TYPE = YES_ERROR;
				GCC_WARN_UNDECLARED_SELECTOR = YES;
				GCC_WARN_UNINITIALIZED_AUTOS = YES_AGGRESSIVE;
				GCC_WARN_UNUSED_FUNCTION = YES;
				GCC_WARN_UNUSED_VARIABLE = YES;
				IPHONEOS_DEPLOYMENT_TARGET = 26.0;
				LOCALIZATION_PREFERS_STRING_CATALOGS = YES;
				MTL_ENABLE_DEBUG_INFO = INCLUDE_SOURCE;
				MTL_FAST_MATH = YES;
				ONLY_ACTIVE_ARCH = YES;
				SDKROOT = iphoneos;
				STRING_CATALOG_GENERATE_SYMBOLS = YES;
				SWIFT_ACTIVE_COMPILATION_CONDITIONS = "DEBUG $(inherited)";
				SWIFT_OPTIMIZATION_LEVEL = "-Onone";
			};
			name = Debug;
		};
		9900000000000002 /* Release */ = {
			isa = XCBuildConfiguration;
			buildSettings = {
				ALWAYS_SEARCH_USER_PATHS = NO;
				ASSETCATALOG_COMPILER_GENERATE_SWIFT_ASSET_SYMBOL_EXTENSIONS = YES;
				CLANG_ANALYZER_NONNULL = YES;
				CLANG_ANALYZER_NUMBER_OBJECT_CONVERSION = YES_AGGRESSIVE;
				CLANG_CXX_LANGUAGE_STANDARD = "gnu++20";
				CLANG_ENABLE_MODULES = YES;
				CLANG_ENABLE_OBJC_ARC = YES;
				CLANG_ENABLE_OBJC_WEAK = YES;
				CLANG_WARN_BLOCK_CAPTURE_AUTORELEASING = YES;
				CLANG_WARN_BOOL_CONVERSION = YES;
				CLANG_WARN_COMMA = YES;
				CLANG_WARN_CONSTANT_CONVERSION = YES;
				CLANG_WARN_DEPRECATED_OBJC_IMPLEMENTATIONS = YES;
				CLANG_WARN_DIRECT_OBJC_ISA_USAGE = YES_ERROR;
				CLANG_WARN_DOCUMENTATION_COMMENTS = YES;
				CLANG_WARN_EMPTY_BODY = YES;
				CLANG_WARN_ENUM_CONVERSION = YES;
				CLANG_WARN_INFINITE_RECURSION = YES;
				CLANG_WARN_INT_CONVERSION = YES;
				CLANG_WARN_NON_LITERAL_NULL_CONVERSION = YES;
				CLANG_WARN_OBJC_IMPLICIT_RETAIN_SELF = YES;
				CLANG_WARN_OBJC_LITERAL_CONVERSION = YES;
				CLANG_WARN_OBJC_ROOT_CLASS = YES_ERROR;
				CLANG_WARN_QUOTED_INCLUDE_IN_FRAMEWORK_HEADER = YES;
				CLANG_WARN_RANGE_LOOP_ANALYSIS = YES;
				CLANG_WARN_STRICT_PROTOTYPES = YES;
				CLANG_WARN_SUSPICIOUS_MOVE = YES;
				CLANG_WARN_UNGUARDED_AVAILABILITY = YES_AGGRESSIVE;
				CLANG_WARN_UNREACHABLE_CODE = YES;
				CLANG_WARN__DUPLICATE_METHOD_MATCH = YES;
				COPY_PHASE_STRIP = NO;
				DEBUG_INFORMATION_FORMAT = "dwarf-with-dsym";
				DEVELOPMENT_TEAM = N66DNSAQQ9;
				ENABLE_NS_ASSERTIONS = NO;
				ENABLE_STRICT_OBJC_MSGSEND = YES;
				ENABLE_USER_SCRIPT_SANDBOXING = YES;
				GCC_C_LANGUAGE_STANDARD = gnu17;
				GCC_NO_COMMON_BLOCKS = YES;
				GCC_WARN_64_TO_32_BIT_CONVERSION = YES;
				GCC_WARN_ABOUT_RETURN_TYPE = YES_ERROR;
				GCC_WARN_UNDECLARED_SELECTOR = YES;
				GCC_WARN_UNINITIALIZED_AUTOS = YES_AGGRESSIVE;
				GCC_WARN_UNUSED_FUNCTION = YES;
				GCC_WARN_UNUSED_VARIABLE = YES;
				IPHONEOS_DEPLOYMENT_TARGET = 26.0;
				LOCALIZATION_PREFERS_STRING_CATALOGS = YES;
				MTL_ENABLE_DEBUG_INFO = NO;
				MTL_FAST_MATH = YES;
				SDKROOT = iphoneos;
				STRING_CATALOG_GENERATE_SYMBOLS = YES;
				SWIFT_COMPILATION_MODE = wholemodule;
				VALIDATE_PRODUCT = YES;
			};
			name = Release;
		};
		9900000000000003 /* Debug */ = {
			isa = XCBuildConfiguration;
			buildSettings = {
				ASSETCATALOG_COMPILER_APPICON_NAME = AppIcon;
				ASSETCATALOG_COMPILER_GLOBAL_ACCENT_COLOR_NAME = AccentColor;
				ASSETCATALOG_COMPILER_INCLUDE_ALL_APPICON_ASSETS = YES;
				CODE_SIGN_ENTITLEMENTS = justzone2/justzone2.entitlements;
				CODE_SIGN_STYLE = Automatic;
				CURRENT_PROJECT_VERSION = 1;
				ENABLE_PREVIEWS = YES;
				GENERATE_INFOPLIST_FILE = YES;
				INFOPLIST_FILE = justzone2/Resources/Info.plist;
				INFOPLIST_KEY_CFBundleDisplayName = JustZone2;
				INFOPLIST_KEY_LSApplicationCategoryType = "public.app-category.healthcare-fitness";
				INFOPLIST_KEY_NSBluetoothAlwaysUsageDescription = "JustZone2 needs Bluetooth to connect to your KICKR trainer and heart rate monitor.";
				INFOPLIST_KEY_NSBluetoothPeripheralUsageDescription = "JustZone2 needs Bluetooth to connect to your KICKR trainer and heart rate monitor.";
				INFOPLIST_KEY_NSHealthShareUsageDescription = "JustZone2 reads your heart rate during workouts to track Zone 2 training.";
				INFOPLIST_KEY_NSHealthUpdateUsageDescription = "JustZone2 saves your workouts to Apple Health so they appear in the Fitness app.";
				INFOPLIST_KEY_NSPhotoLibraryAddUsageDescription = "JustZone2 saves your workout chart to your photo library so you can add it to Strava.";
				INFOPLIST_KEY_NSSupportsLiveActivities = YES;
				INFOPLIST_KEY_UIApplicationSceneManifest_Generation = YES;
				INFOPLIST_KEY_UIApplicationSupportsIndirectInputEvents = YES;
				INFOPLIST_KEY_UISupportedInterfaceOrientations = UIInterfaceOrientationPortrait;
				INFOPLIST_KEY_UISupportedInterfaceOrientations_iPad = "UIInterfaceOrientationLandscapeLeft UIInterfaceOrientationLandscapeRight UIInterfaceOrientationPortrait UIInterfaceOrientationPortraitUpsideDown";
				LD_RUNPATH_SEARCH_PATHS = (
					"$(inherited)",
					"@executable_path/Frameworks",
				);
				MARKETING_VERSION = 1.0;
				PRODUCT_BUNDLE_IDENTIFIER = com.justzone2.app;
				PRODUCT_NAME = "$(TARGET_NAME)";
				SUPPORTED_PLATFORMS = "iphoneos iphonesimulator";
				SUPPORTS_MACCATALYST = NO;
				SWIFT_EMIT_LOC_STRINGS = YES;
				SWIFT_VERSION = 5.0;
				TARGETED_DEVICE_FAMILY = 1;
			};
			name = Debug;
		};
		9900000000000004 /* Release */ = {
			isa = XCBuildConfiguration;
			buildSettings = {
				ASSETCATALOG_COMPILER_APPICON_NAME = AppIcon;
				ASSETCATALOG_COMPILER_GLOBAL_ACCENT_COLOR_NAME = AccentColor;
				ASSETCATALOG_COMPILER_INCLUDE_ALL_APPICON_ASSETS = YES;
				CODE_SIGN_ENTITLEMENTS = justzone2/justzone2.entitlements;
				CODE_SIGN_STYLE = Automatic;
				CURRENT_PROJECT_VERSION = 1;
				ENABLE_PREVIEWS = YES;
				GENERATE_INFOPLIST_FILE = YES;
				INFOPLIST_FILE = justzone2/Resources/Info.plist;
				INFOPLIST_KEY_CFBundleDisplayName = JustZone2;
				INFOPLIST_KEY_LSApplicationCategoryType = "public.app-category.healthcare-fitness";
				INFOPLIST_KEY_NSBluetoothAlwaysUsageDescription = "JustZone2 needs Bluetooth to connect to your KICKR trainer and heart rate monitor.";
				INFOPLIST_KEY_NSBluetoothPeripheralUsageDescription = "JustZone2 needs Bluetooth to connect to your KICKR trainer and heart rate monitor.";
				INFOPLIST_KEY_NSHealthShareUsageDescription = "JustZone2 reads your heart rate during workouts to track Zone 2 training.";
				INFOPLIST_KEY_NSHealthUpdateUsageDescription = "JustZone2 saves your workouts to Apple Health so they appear in the Fitness app.";
				INFOPLIST_KEY_NSPhotoLibraryAddUsageDescription = "JustZone2 saves your workout chart to your photo library so you can add it to Strava.";
				INFOPLIST_KEY_NSSupportsLiveActivities = YES;
				INFOPLIST_KEY_UIApplicationSceneManifest_Generation = YES;
				INFOPLIST_KEY_UIApplicationSupportsIndirectInputEvents = YES;
				INFOPLIST_KEY_UISupportedInterfaceOrientations = UIInterfaceOrientationPortrait;
				INFOPLIST_KEY_UISupportedInterfaceOrientations_iPad = "UIInterfaceOrientationLandscapeLeft UIInterfaceOrientationLandscapeRight UIInterfaceOrientationPortrait UIInterfaceOrientationPortraitUpsideDown";
				LD_RUNPATH_SEARCH_PATHS = (
					"$(inherited)",
					"@executable_path/Frameworks",
				);
				MARKETING_VERSION = 1.0;
				PRODUCT_BUNDLE_IDENTIFIER = com.justzone2.app;
				PRODUCT_NAME = "$(TARGET_NAME)";
				SUPPORTED_PLATFORMS = "iphoneos iphonesimulator";
				SUPPORTS_MACCATALYST = NO;
				SWIFT_EMIT_LOC_STRINGS = YES;
				SWIFT_VERSION = 5.0;
				TARGETED_DEVICE_FAMILY = 1;
			};
			name = Release;
		};
		BB000000000000B1 /* Debug */ = {
			isa = XCBuildConfiguration;
			buildSettings = {
				ASSETCATALOG_COMPILER_APPICON_NAME = AppIcon;
				ASSETCATALOG_COMPILER_GLOBAL_ACCENT_COLOR_NAME = AccentColor;
				CODE_SIGN_ENTITLEMENTS = JustZone2Watch/JustZone2Watch.entitlements;
				CODE_SIGN_STYLE = Automatic;
				CURRENT_PROJECT_VERSION = 1;
				DEVELOPMENT_TEAM = N66DNSAQQ9;
				GENERATE_INFOPLIST_FILE = YES;
				INFOPLIST_FILE = JustZone2Watch/Info.plist;
				INFOPLIST_KEY_CFBundleDisplayName = JustZone2;
				INFOPLIST_KEY_WKCompanionAppBundleIdentifier = com.justzone2.app;
				LD_RUNPATH_SEARCH_PATHS = (
					"$(inherited)",
					"@executable_path/Frameworks",
				);
				MARKETING_VERSION = 1.0;
				PRODUCT_BUNDLE_IDENTIFIER = com.justzone2.app.watchkitapp;
				PRODUCT_NAME = "$(TARGET_NAME)";
				SDKROOT = watchos;
				SKIP_INSTALL = NO;
				SUPPORTED_PLATFORMS = "watchos watchsimulator";
				SWIFT_EMIT_LOC_STRINGS = YES;
				SWIFT_VERSION = 5.0;
				TARGETED_DEVICE_FAMILY = 4;
				WATCHOS_DEPLOYMENT_TARGET = 8.0;
			};
			name = Debug;
		};
		BB000000000000B2 /* Release */ = {
			isa = XCBuildConfiguration;
			buildSettings = {
				ASSETCATALOG_COMPILER_APPICON_NAME = AppIcon;
				ASSETCATALOG_COMPILER_GLOBAL_ACCENT_COLOR_NAME = AccentColor;
				CODE_SIGN_ENTITLEMENTS = JustZone2Watch/JustZone2Watch.entitlements;
				CODE_SIGN_STYLE = Automatic;
				CURRENT_PROJECT_VERSION = 1;
				DEVELOPMENT_TEAM = N66DNSAQQ9;
				GENERATE_INFOPLIST_FILE = YES;
				INFOPLIST_FILE = JustZone2Watch/Info.plist;
				INFOPLIST_KEY_CFBundleDisplayName = JustZone2;
				INFOPLIST_KEY_WKCompanionAppBundleIdentifier = com.justzone2.app;
				LD_RUNPATH_SEARCH_PATHS = (
					"$(inherited)",
					"@executable_path/Frameworks",
				);
				MARKETING_VERSION = 1.0;
				PRODUCT_BUNDLE_IDENTIFIER = com.justzone2.app.watchkitapp;
				PRODUCT_NAME = "$(TARGET_NAME)";
				SDKROOT = watchos;
				SKIP_INSTALL = NO;
				SUPPORTED_PLATFORMS = "watchos watchsimulator";
				SWIFT_EMIT_LOC_STRINGS = YES;
				SWIFT_VERSION = 5.0;
				TARGETED_DEVICE_FAMILY = 4;
				WATCHOS_DEPLOYMENT_TARGET = 8.0;
			};
			name = Release;
		};
/* End XCBuildConfiguration section */

/* Begin XCConfigurationList section */
		18C58F292F2A9F5C00B04598 /* Build configuration list for PBXNativeTarget "JustZone2LiveActivityExtension" */ = {
			isa = XCConfigurationList;
			buildConfigurations = (
				18C58F2A2F2A9F5C00B04598 /* Debug */,
				18C58F2B2F2A9F5C00B04598 /* Release */,
			);
			defaultConfigurationIsVisible = 0;
			defaultConfigurationName = Release;
		};
		7700000000000001 /* Build configuration list for PBXProject "justzone2" */ = {
			isa = XCConfigurationList;
			buildConfigurations = (
				9900000000000001 /* Debug */,
				9900000000000002 /* Release */,
			);
			defaultConfigurationIsVisible = 0;
			defaultConfigurationName = Release;
		};
		7700000000000003 /* Build configuration list for PBXNativeTarget "justzone2" */ = {
			isa = XCConfigurationList;
			buildConfigurations = (
				9900000000000003 /* Debug */,
				9900000000000004 /* Release */,
			);
			defaultConfigurationIsVisible = 0;
			defaultConfigurationName = Release;
		};
		BB000000000000C0 /* Build configuration list for PBXNativeTarget "JustZone2Watch" */ = {
			isa = XCConfigurationList;
			buildConfigurations = (
				BB000000000000B1 /* Debug */,
				BB000000000000B2 /* Release */,
			);
			defaultConfigurationIsVisible = 0;
			defaultConfigurationName = Release;
		};
/* End XCConfigurationList section */
	};
	rootObject = 8800000000000001 /* Project object */;
}
